github.com/LiuXuan2096/GSY11 v0.0.0-20240207112417-da3edcbccec7 h1:1dsuKPL7RYqpTqMcUU2Ye1T9IB9bgg4LVH1yqXgK/dI=
github.com/LiuXuan2096/GSY11 v0.0.0-20240207112417-da3edcbccec7/go.mod h1:k6RS0FfBw9r5PlgCtTQ6YHm9bK9jkgFEmj4xifgVsj0=
github.com/gammazero/deque v0.2.1 h1:qSdsbG6pgp6nL7A0+K/B7s12mcCY/5l5SIUpMOl+dC0=
github.com/gammazero/deque v0.2.1/go.mod h1:LFroj8x4cMYCukHJDbxFCkT+r9AndaJnFMuZDV34tuU=
